
Microsoft Visual Studio Solution File, Format Version 12.00
# Visual Studio Version 16
VisualStudioVersion = 16.0.29709.97
MinimumVisualStudioVersion = 10.0.40219.1
Project("{FAE04EC0-301F-11D3-BF4B-00C04F79EFBC}") = "PersonaAutoPatcher", "PersonaAutoPatcher\PersonaAutoPatcher.csproj", "{FD3D8D54-1C6F-4B72-A627-B45D410D9B73}"
EndProject
Global
	GlobalSection(SolutionConfigurationPlatforms) = preSolution
		Debug|Any CPU = Debug|Any CPU
		Release|Any CPU = Release|Any CPU
	EndGlobalSection
	GlobalSection(ProjectConfigurationPlatforms) = postSolution
		{FD3D8D54-1C6F-4B72-A627-B45D410D9B73}.Debug|Any CPU.ActiveCfg = Debug|Any CPU
		{FD3D8D54-1C6F-4B72-A627-B45D410D9B73}.Debug|Any CPU.Build.0 = Debug|Any CPU
		{FD3D8D54-1C6F-4B72-A627-B45D410D9B73}.Release|Any CPU.ActiveCfg = Release|Any CPU
		{FD3D8D54-1C6F-4B72-A627-B45D410D9B73}.Release|Any CPU.Build.0 = Release|Any CPU
	EndGlobalSection
	GlobalSection(SolutionProperties) = preSolution
		HideSolutionNode = FALSE
	EndGlobalSection
	GlobalSection(ExtensibilityGlobals) = postSolution
		SolutionGuid = {D3742191-B404-4AF8-96F3-5BFBAC522D2D}
	EndGlobalSection
EndGlobal
